
Microsoft Visual Studio Solution File, Format Version 11.00
# Visual Studio 2010
# SharpDevelop 4.4
Project("{FD48973F-F585-4F70-812B-4D0503B36CE9}") = "Prog52a", "Prog52a\Prog52a.pyproj", "{060BB66D-DA6E-40AA-B7D6-199251039087}"
EndProject
Global
	GlobalSection(SolutionConfigurationPlatforms) = preSolution
		Debug|Any CPU = Debug|Any CPU
		Release|Any CPU = Release|Any CPU
	EndGlobalSection
	GlobalSection(ProjectConfigurationPlatforms) = postSolution
		{060BB66D-DA6E-40AA-B7D6-199251039087}.Debug|Any CPU.Build.0 = Debug|Any CPU
		{060BB66D-DA6E-40AA-B7D6-199251039087}.Debug|Any CPU.ActiveCfg = Debug|Any CPU
		{060BB66D-DA6E-40AA-B7D6-199251039087}.Release|Any CPU.Build.0 = Release|Any CPU
		{060BB66D-DA6E-40AA-B7D6-199251039087}.Release|Any CPU.ActiveCfg = Release|Any CPU
	EndGlobalSection
EndGlobal
