
Microsoft Visual Studio Solution File, Format Version 11.00
# Visual Studio 2010
# SharpDevelop 4.4
Project("{FD48973F-F585-4F70-812B-4D0503B36CE9}") = "craigspirit", "craigspirit\craigspirit.pyproj", "{EE76024C-3352-484B-AB97-351499F2F7F6}"
EndProject
Global
	GlobalSection(SolutionConfigurationPlatforms) = preSolution
		Debug|Any CPU = Debug|Any CPU
		Release|Any CPU = Release|Any CPU
	EndGlobalSection
	GlobalSection(ProjectConfigurationPlatforms) = postSolution
		{EE76024C-3352-484B-AB97-351499F2F7F6}.Debug|Any CPU.Build.0 = Debug|Any CPU
		{EE76024C-3352-484B-AB97-351499F2F7F6}.Debug|Any CPU.ActiveCfg = Debug|Any CPU
		{EE76024C-3352-484B-AB97-351499F2F7F6}.Release|Any CPU.Build.0 = Release|Any CPU
		{EE76024C-3352-484B-AB97-351499F2F7F6}.Release|Any CPU.ActiveCfg = Release|Any CPU
	EndGlobalSection
EndGlobal
